
Microsoft Visual Studio Solution File, Format Version 12.00
# Visual Studio Version 16
VisualStudioVersion = 16.0.31410.357
MinimumVisualStudioVersion = 10.0.40219.1
Project("{9A19103F-16F7-4668-BE54-9A1E7A4F7556}") = "Elsa.Bug.MultiTenency", "Elsa.Bug.MultiTenency.csproj", "{C52F851E-DB98-4341-B194-70CDCB49C0B8}"
EndProject
Global
	GlobalSection(SolutionConfigurationPlatforms) = preSolution
		Debug|Any CPU = Debug|Any CPU
		Release|Any CPU = Release|Any CPU
	EndGlobalSection
	GlobalSection(ProjectConfigurationPlatforms) = postSolution
		{C52F851E-DB98-4341-B194-70CDCB49C0B8}.Debug|Any CPU.ActiveCfg = Debug|Any CPU
		{C52F851E-DB98-4341-B194-70CDCB49C0B8}.Debug|Any CPU.Build.0 = Debug|Any CPU
		{C52F851E-DB98-4341-B194-70CDCB49C0B8}.Release|Any CPU.ActiveCfg = Release|Any CPU
		{C52F851E-DB98-4341-B194-70CDCB49C0B8}.Release|Any CPU.Build.0 = Release|Any CPU
	EndGlobalSection
	GlobalSection(SolutionProperties) = preSolution
		HideSolutionNode = FALSE
	EndGlobalSection
	GlobalSection(ExtensibilityGlobals) = postSolution
		SolutionGuid = {F59643CE-F85B-44D1-BEDD-5DEA050CC70C}
	EndGlobalSection
EndGlobal
